
Microsoft Visual Studio Solution File, Format Version 12.00
# Visual Studio Version 16
VisualStudioVersion = 16.0.29519.87
MinimumVisualStudioVersion = 10.0.40219.1
Project("{FAE04EC0-301F-11D3-BF4B-00C04F79EFBC}") = "NotationTasks", "NotationTasks\NotationTasks.csproj", "{B3741C29-B65B-4661-884B-33B94B25FA98}"
EndProject
Global
	GlobalSection(SolutionConfigurationPlatforms) = preSolution
		Debug|Any CPU = Debug|Any CPU
		Release|Any CPU = Release|Any CPU
	EndGlobalSection
	GlobalSection(ProjectConfigurationPlatforms) = postSolution
		{B3741C29-B65B-4661-884B-33B94B25FA98}.Debug|Any CPU.ActiveCfg = Debug|Any CPU
		{B3741C29-B65B-4661-884B-33B94B25FA98}.Debug|Any CPU.Build.0 = Debug|Any CPU
		{B3741C29-B65B-4661-884B-33B94B25FA98}.Release|Any CPU.ActiveCfg = Release|Any CPU
		{B3741C29-B65B-4661-884B-33B94B25FA98}.Release|Any CPU.Build.0 = Release|Any CPU
	EndGlobalSection
	GlobalSection(SolutionProperties) = preSolution
		HideSolutionNode = FALSE
	EndGlobalSection
	GlobalSection(ExtensibilityGlobals) = postSolution
		SolutionGuid = {419FD1B6-41B8-449A-9386-062AABDCDC60}
	EndGlobalSection
EndGlobal
